// !$*UTF8*$!
{
	archiveVersion = 1;
	classes = {
	};
	objectVersion = 50;
	objects = {

/* Begin PBXBuildFile section */
		F983F8F72498C911001FDD1F /* AppDelegate.swift in Sources */ = {isa = PBXBuildFile; fileRef = F983F8F62498C911001FDD1F /* AppDelegate.swift */; };
		F983F8F92498C911001FDD1F /* SceneDelegate.swift in Sources */ = {isa = PBXBuildFile; fileRef = F983F8F82498C911001FDD1F /* SceneDelegate.swift */; };
		F983F8FB2498C911001FDD1F /* MainScreen1.swift in Sources */ = {isa = PBXBuildFile; fileRef = F983F8FA2498C911001FDD1F /* MainScreen1.swift */; };
		F983F9002498C916001FDD1F /* Assets.xcassets in Resources */ = {isa = PBXBuildFile; fileRef = F983F8FF2498C916001FDD1F /* Assets.xcassets */; };
		F983F9032498C916001FDD1F /* LaunchScreen.storyboard in Resources */ = {isa = PBXBuildFile; fileRef = F983F9012498C916001FDD1F /* LaunchScreen.storyboard */; };
		F9B769E82498D2A900BFE8AB /* CustomButton.swift in Sources */ = {isa = PBXBuildFile; fileRef = F9B769E72498D2A900BFE8AB /* CustomButton.swift */; };
		F9B769EC2498E20A00BFE8AB /* MainScreen2.swift in Sources */ = {isa = PBXBuildFile; fileRef = F9B769EB2498E20A00BFE8AB /* MainScreen2.swift */; };
/* End PBXBuildFile section */

/* Begin PBXFileReference section */
		F983F8F32498C911001FDD1F /* testAssignment App 1.app */ = {isa = PBXFileReference; explicitFileType = wrapper.application; includeInIndex = 0; path = "testAssignment App 1.app"; sourceTree = BUILT_PRODUCTS_DIR; };
		F983F8F62498C911001FDD1F /* AppDelegate.swift */ = {isa = PBXFileReference; lastKnownFileType = sourcecode.swift; path = AppDelegate.swift; sourceTree = "<group>"; };
		F983F8F82498C911001FDD1F /* SceneDelegate.swift */ = {isa = PBXFileReference; lastKnownFileType = sourcecode.swift; path = SceneDelegate.swift; sourceTree = "<group>"; };
		F983F8FA2498C911001FDD1F /* MainScreen1.swift */ = {isa = PBXFileReference; lastKnownFileType = sourcecode.swift; path = MainScreen1.swift; sourceTree = "<group>"; };
		F983F8FF2498C916001FDD1F /* Assets.xcassets */ = {isa = PBXFileReference; lastKnownFileType = folder.assetcatalog; path = Assets.xcassets; sourceTree = "<group>"; };
		F983F9022498C916001FDD1F /* Base */ = {isa = PBXFileReference; lastKnownFileType = file.storyboard; name = Base; path = Base.lproj/LaunchScreen.storyboard; sourceTree = "<group>"; };
		F983F9042498C916001FDD1F /* Info.plist */ = {isa = PBXFileReference; lastKnownFileType = text.plist.xml; path = Info.plist; sourceTree = "<group>"; };
		F9B769E72498D2A900BFE8AB /* CustomButton.swift */ = {isa = PBXFileReference; lastKnownFileType = sourcecode.swift; path = CustomButton.swift; sourceTree = "<group>"; };
		F9B769EB2498E20A00BFE8AB /* MainScreen2.swift */ = {isa = PBXFileReference; lastKnownFileType = sourcecode.swift; path = MainScreen2.swift; sourceTree = "<group>"; };
/* End PBXFileReference section */

/* Begin PBXFrameworksBuildPhase section */
		F983F8F02498C911001FDD1F /* Frameworks */ = {
			isa = PBXFrameworksBuildPhase;
			buildActionMask = 2147483647;
			files = (
			);
			runOnlyForDeploymentPostprocessing = 0;
		};
/* End PBXFrameworksBuildPhase section */

/* Begin PBXGroup section */
		F983F8EA2498C911001FDD1F = {
			isa = PBXGroup;
			children = (
				F983F8F52498C911001FDD1F /* testAssignment App 1 */,
				F983F8F42498C911001FDD1F /* Products */,
			);
			sourceTree = "<group>";
		};
		F983F8F42498C911001FDD1F /* Products */ = {
			isa = PBXGroup;
			children = (
				F983F8F32498C911001FDD1F /* testAssignment App 1.app */,
			);
			name = Products;
			sourceTree = "<group>";
		};
		F983F8F52498C911001FDD1F /* testAssignment App 1 */ = {
			isa = PBXGroup;
			children = (
				F983F8F62498C911001FDD1F /* AppDelegate.swift */,
				F983F8F82498C911001FDD1F /* SceneDelegate.swift */,
				F983F8FA2498C911001FDD1F /* MainScreen1.swift */,
				F9B769EB2498E20A00BFE8AB /* MainScreen2.swift */,
				F983F8FF2498C916001FDD1F /* Assets.xcassets */,
				F983F9012498C916001FDD1F /* LaunchScreen.storyboard */,
				F983F9042498C916001FDD1F /* Info.plist */,
				F9B769E72498D2A900BFE8AB /* CustomButton.swift */,
			);
			path = "testAssignment App 1";
			sourceTree = "<group>";
		};
/* End PBXGroup section */

/* Begin PBXNativeTarget section */
		F983F8F22498C911001FDD1F /* testAssignment App 1 */ = {
			isa = PBXNativeTarget;
			buildConfigurationList = F983F9072498C916001FDD1F /* Build configuration list for PBXNativeTarget "testAssignment App 1" */;
			buildPhases = (
				F983F8EF2498C911001FDD1F /* Sources */,
				F983F8F02498C911001FDD1F /* Frameworks */,
				F983F8F12498C911001FDD1F /* Resources */,
			);
			buildRules = (
			);
			dependencies = (
			);
			name = "testAssignment App 1";
			productName = "testAssignment App 1";
			productReference = F983F8F32498C911001FDD1F /* testAssignment App 1.app */;
			productType = "com.apple.product-type.application";
		};
/* End PBXNativeTarget section */

/* Begin PBXProject section */
		F983F8EB2498C911001FDD1F /* Project object */ = {
			isa = PBXProject;
			attributes = {
				LastSwiftUpdateCheck = 1150;
				LastUpgradeCheck = 1150;
				ORGANIZATIONNAME = "Roman Kavinskyi";
				TargetAttributes = {
					F983F8F22498C911001FDD1F = {
						CreatedOnToolsVersion = 11.5;
					};
				};
			};
			buildConfigurationList = F983F8EE2498C911001FDD1F /* Build configuration list for PBXProject "testAssignment App 1" */;
			compatibilityVersion = "Xcode 9.3";
			developmentRegion = en;
			hasScannedForEncodings = 0;
			knownRegions = (
				en,
				Base,
			);
			mainGroup = F983F8EA2498C911001FDD1F;
			productRefGroup = F983F8F42498C911001FDD1F /* Products */;
			projectDirPath = "";
			projectRoot = "";
			targets = (
				F983F8F22498C911001FDD1F /* testAssignment App 1 */,
			);
		};
/* End PBXProject section */

/* Begin PBXResourcesBuildPhase section */
		F983F8F12498C911001FDD1F /* Resources */ = {
			isa = PBXResourcesBuildPhase;
			buildActionMask = 2147483647;
			files = (
				F983F9032498C916001FDD1F /* LaunchScreen.storyboard in Resources */,
				F983F9002498C916001FDD1F /* Assets.xcassets in Resources */,
			);
			runOnlyForDeploymentPostprocessing = 0;
		};
/* End PBXResourcesBuildPhase section */

/* Begin PBXSourcesBuildPhase section */
		F983F8EF2498C911001FDD1F /* Sources */ = {
			isa = PBXSourcesBuildPhase;
			buildActionMask = 2147483647;
			files = (
				F9B769EC2498E20A00BFE8AB /* MainScreen2.swift in Sources */,
				F9B769E82498D2A900BFE8AB /* CustomButton.swift in Sources */,
				F983F8FB2498C911001FDD1F /* MainScreen1.swift in Sources */,
				F983F8F72498C911001FDD1F /* AppDelegate.swift in Sources */,
				F983F8F92498C911001FDD1F /* SceneDelegate.swift in Sources */,
			);
			runOnlyForDeploymentPostprocessing = 0;
		};
/* End PBXSourcesBuildPhase section */

/* Begin PBXVariantGroup section */
		F983F9012498C916001FDD1F /* LaunchScreen.storyboard */ = {
			isa = PBXVariantGroup;
			children = (
				F983F9022498C916001FDD1F /* Base */,
			);
			name = LaunchScreen.storyboard;
			sourceTree = "<group>";
		};
/* End PBXVariantGroup section */

/* Begin XCBuildConfiguration section */
		F983F9052498C916001FDD1F /* Debug */ = {
			isa = XCBuildConfiguration;
			buildSettings = {
				ALWAYS_SEARCH_USER_PATHS = NO;
				CLANG_ANALYZER_NONNULL = YES;
				CLANG_ANALYZER_NUMBER_OBJECT_CONVERSION = YES_AGGRESSIVE;
				CLANG_CXX_LANGUAGE_STANDARD = "gnu++14";
				CLANG_CXX_LIBRARY = "libc++";
				CLANG_ENABLE_MODULES = YES;
				CLANG_ENABLE_OBJC_ARC = YES;
				CLANG_ENABLE_OBJC_WEAK = YES;
				CLANG_WARN_BLOCK_CAPTURE_AUTORELEASING = YES;
				CLANG_WARN_BOOL_CONVERSION = YES;
				CLANG_WARN_COMMA = YES;
				CLANG_WARN_CONSTANT_CONVERSION = YES;
				CLANG_WARN_DEPRECATED_OBJC_IMPLEMENTATIONS = YES;
				CLANG_WARN_DIRECT_OBJC_ISA_USAGE = YES_ERROR;
				CLANG_WARN_DOCUMENTATION_COMMENTS = YES;
				CLANG_WARN_EMPTY_BODY = YES;
				CLANG_WARN_ENUM_CONVERSION = YES;
				CLANG_WARN_INFINITE_RECURSION = YES;
				CLANG_WARN_INT_CONVERSION = YES;
				CLANG_WARN_NON_LITERAL_NULL_CONVERSION = YES;
				CLANG_WARN_OBJC_IMPLICIT_RETAIN_SELF = YES;
				CLANG_WARN_OBJC_LITERAL_CONVERSION = YES;
				CLANG_WARN_OBJC_ROOT_CLASS = YES_ERROR;
				CLANG_WARN_RANGE_LOOP_ANALYSIS = YES;
				CLANG_WARN_STRICT_PROTOTYPES = YES;
				CLANG_WARN_SUSPICIOUS_MOVE = YES;
				CLANG_WARN_UNGUARDED_AVAILABILITY = YES_AGGRESSIVE;
				CLANG_WARN_UNREACHABLE_CODE = YES;
				CLANG_WARN__DUPLICATE_METHOD_MATCH = YES;
				COPY_PHASE_STRIP = NO;
				DEBUG_INFORMATION_FORMAT = dwarf;
				ENABLE_STRICT_OBJC_MSGSEND = YES;
				ENABLE_TESTABILITY = YES;
				GCC_C_LANGUAGE_STANDARD = gnu11;
				GCC_DYNAMIC_NO_PIC = NO;
				GCC_NO_COMMON_BLOCKS = YES;
				GCC_OPTIMIZATION_LEVEL = 0;
				GCC_PREPROCESSOR_DEFINITIONS = (
					"DEBUG=1",
					"$(inherited)",
				);
				GCC_WARN_64_TO_32_BIT_CONVERSION = YES;
				GCC_WARN_ABOUT_RETURN_TYPE = YES_ERROR;
				GCC_WARN_UNDECLARED_SELECTOR = YES;
				GCC_WARN_UNINITIALIZED_AUTOS = YES_AGGRESSIVE;
				GCC_WARN_UNUSED_FUNCTION = YES;
				GCC_WARN_UNUSED_VARIABLE = YES;
				IPHONEOS_DEPLOYMENT_TARGET = 13.5;
				MTL_ENABLE_DEBUG_INFO = INCLUDE_SOURCE;
				MTL_FAST_MATH = YES;
				ONLY_ACTIVE_ARCH = YES;
				SDKROOT = iphoneos;
				SWIFT_ACTIVE_COMPILATION_CONDITIONS = DEBUG;
				SWIFT_OPTIMIZATION_LEVEL = "-Onone";
			};
			name = Debug;
		};
		F983F9062498C916001FDD1F /* Release */ = {
			isa = XCBuildConfiguration;
			buildSettings = {
				ALWAYS_SEARCH_USER_PATHS = NO;
				CLANG_ANALYZER_NONNULL = YES;
				CLANG_ANALYZER_NUMBER_OBJECT_CONVERSION = YES_AGGRESSIVE;
				CLANG_CXX_LANGUAGE_STANDARD = "gnu++14";
				CLANG_CXX_LIBRARY = "libc++";
				CLANG_ENABLE_MODULES = YES;
				CLANG_ENABLE_OBJC_ARC = YES;
				CLANG_ENABLE_OBJC_WEAK = YES;
				CLANG_WARN_BLOCK_CAPTURE_AUTORELEASING = YES;
				CLANG_WARN_BOOL_CONVERSION = YES;
				CLANG_WARN_COMMA = YES;
				CLANG_WARN_CONSTANT_CONVERSION = YES;
				CLANG_WARN_DEPRECATED_OBJC_IMPLEMENTATIONS = YES;
				CLANG_WARN_DIRECT_OBJC_ISA_USAGE = YES_ERROR;
				CLANG_WARN_DOCUMENTATION_COMMENTS = YES;
				CLANG_WARN_EMPTY_BODY = YES;
				CLANG_WARN_ENUM_CONVERSION = YES;
				CLANG_WARN_INFINITE_RECURSION = YES;
				CLANG_WARN_INT_CONVERSION = YES;
				CLANG_WARN_NON_LITERAL_NULL_CONVERSION = YES;
				CLANG_WARN_OBJC_IMPLICIT_RETAIN_SELF = YES;
				CLANG_WARN_OBJC_LITERAL_CONVERSION = YES;
				CLANG_WARN_OBJC_ROOT_CLASS = YES_ERROR;
				CLANG_WARN_RANGE_LOOP_ANALYSIS = YES;
				CLANG_WARN_STRICT_PROTOTYPES = YES;
				CLANG_WARN_SUSPICIOUS_MOVE = YES;
				CLANG_WARN_UNGUARDED_AVAILABILITY = YES_AGGRESSIVE;
				CLANG_WARN_UNREACHABLE_CODE = YES;
				CLANG_WARN__DUPLICATE_METHOD_MATCH = YES;
				COPY_PHASE_STRIP = NO;
				DEBUG_INFORMATION_FORMAT = "dwarf-with-dsym";
				ENABLE_NS_ASSERTIONS = NO;
				ENABLE_STRICT_OBJC_MSGSEND = YES;
				GCC_C_LANGUAGE_STANDARD = gnu11;
				GCC_NO_COMMON_BLOCKS = YES;
				GCC_WARN_64_TO_32_BIT_CONVERSION = YES;
				GCC_WARN_ABOUT_RETURN_TYPE = YES_ERROR;
				GCC_WARN_UNDECLARED_SELECTOR = YES;
				GCC_WARN_UNINITIALIZED_AUTOS = YES_AGGRESSIVE;
				GCC_WARN_UNUSED_FUNCTION = YES;
				GCC_WARN_UNUSED_VARIABLE = YES;
				IPHONEOS_DEPLOYMENT_TARGET = 13.5;
				MTL_ENABLE_DEBUG_INFO = NO;
				MTL_FAST_MATH = YES;
				SDKROOT = iphoneos;
				SWIFT_COMPILATION_MODE = wholemodule;
				SWIFT_OPTIMIZATION_LEVEL = "-O";
				VALIDATE_PRODUCT = YES;
			};
			name = Release;
		};
		F983F9082498C916001FDD1F /* Debug */ = {
			isa = XCBuildConfiguration;
			buildSettings = {
				ASSETCATALOG_COMPILER_APPICON_NAME = AppIcon;
				CODE_SIGN_STYLE = Automatic;
				DEVELOPMENT_TEAM = 34W5S52327;
				INFOPLIST_FILE = "testAssignment App 1/Info.plist";
				LD_RUNPATH_SEARCH_PATHS = (
					"$(inherited)",
					"@executable_path/Frameworks",
				);
				PRODUCT_BUNDLE_IDENTIFIER = "com.romankavinskyi.testAssignment-App-1";
				PRODUCT_NAME = "$(TARGET_NAME)";
				SWIFT_VERSION = 5.0;
				TARGETED_DEVICE_FAMILY = "1,2";
			};
			name = Debug;
		};
		F983F9092498C916001FDD1F /* Release */ = {
			isa = XCBuildConfiguration;
			buildSettings = {
				ASSETCATALOG_COMPILER_APPICON_NAME = AppIcon;
				CODE_SIGN_STYLE = Automatic;
				DEVELOPMENT_TEAM = 34W5S52327;
				INFOPLIST_FILE = "testAssignment App 1/Info.plist";
				LD_RUNPATH_SEARCH_PATHS = (
					"$(inherited)",
					"@executable_path/Frameworks",
				);
				PRODUCT_BUNDLE_IDENTIFIER = "com.romankavinskyi.testAssignment-App-1";
				PRODUCT_NAME = "$(TARGET_NAME)";
				SWIFT_VERSION = 5.0;
				TARGETED_DEVICE_FAMILY = "1,2";
			};
			name = Release;
		};
/* End XCBuildConfiguration section */

/* Begin XCConfigurationList section */
		F983F8EE2498C911001FDD1F /* Build configuration list for PBXProject "testAssignment App 1" */ = {
			isa = XCConfigurationList;
			buildConfigurations = (
				F983F9052498C916001FDD1F /* Debug */,
				F983F9062498C916001FDD1F /* Release */,
			);
			defaultConfigurationIsVisible = 0;
			defaultConfigurationName = Release;
		};
		F983F9072498C916001FDD1F /* Build configuration list for PBXNativeTarget "testAssignment App 1" */ = {
			isa = XCConfigurationList;
			buildConfigurations = (
				F983F9082498C916001FDD1F /* Debug */,
				F983F9092498C916001FDD1F /* Release */,
			);
			defaultConfigurationIsVisible = 0;
			defaultConfigurationName = Release;
		};
/* End XCConfigurationList section */
	};
	rootObject = F983F8EB2498C911001FDD1F /* Project object */;
}
